
Microsoft Visual Studio Solution File, Format Version 12.00
# Visual Studio Version 17
VisualStudioVersion = 17.11.35327.3
MinimumVisualStudioVersion = 10.0.40219.1
Project("{FAE04EC0-301F-11D3-BF4B-00C04F79EFBC}") = "AcademiaoUltimo", "AcademiaoUltimo\AcademiaoUltimo.csproj", "{2708320C-3911-4D30-9084-CED98EEEAA64}"
EndProject
Global
	GlobalSection(SolutionConfigurationPlatforms) = preSolution
		Debug|Any CPU = Debug|Any CPU
		Release|Any CPU = Release|Any CPU
	EndGlobalSection
	GlobalSection(ProjectConfigurationPlatforms) = postSolution
		{2708320C-3911-4D30-9084-CED98EEEAA64}.Debug|Any CPU.ActiveCfg = Debug|Any CPU
		{2708320C-3911-4D30-9084-CED98EEEAA64}.Debug|Any CPU.Build.0 = Debug|Any CPU
		{2708320C-3911-4D30-9084-CED98EEEAA64}.Release|Any CPU.ActiveCfg = Release|Any CPU
		{2708320C-3911-4D30-9084-CED98EEEAA64}.Release|Any CPU.Build.0 = Release|Any CPU
	EndGlobalSection
	GlobalSection(SolutionProperties) = preSolution
		HideSolutionNode = FALSE
	EndGlobalSection
	GlobalSection(ExtensibilityGlobals) = postSolution
		SolutionGuid = {D9500A90-F5EF-4FC3-B3E3-009E9A1AE5F1}
	EndGlobalSection
EndGlobal
